
Microsoft Visual Studio Solution File, Format Version 12.00
Project("{FAE04EC0-301F-11D3-BF4B-00C04F79EFBC}") = "Glimpse", "src\Glimpse\Glimpse.csproj", "{C97FA814-5D76-4358-9ED4-B44D1EA7F3C4}"
EndProject
Project("{FAE04EC0-301F-11D3-BF4B-00C04F79EFBC}") = "Glimpse.Redux", "src\Glimpse.Redux\Glimpse.Redux.csproj", "{4328EFD8-095C-4E80-88C8-E6113F64389F}"
EndProject
Project("{FAE04EC0-301F-11D3-BF4B-00C04F79EFBC}") = "Glimpse.Freedesktop", "src\Glimpse.Freedesktop\Glimpse.Freedesktop.csproj", "{F523A8B1-0E5C-457B-A11E-C14844A7721A}"
EndProject
Project("{FAE04EC0-301F-11D3-BF4B-00C04F79EFBC}") = "Glimpse.Common", "src\Glimpse.Common\Glimpse.Common.csproj", "{FAF6861C-CE9A-445A-A428-4256DA8B79FD}"
EndProject
Project("{FAE04EC0-301F-11D3-BF4B-00C04F79EFBC}") = "Glimpse.Xorg", "src\Glimpse.Xorg\Glimpse.Xorg.csproj", "{2CC82572-8D5A-43A7-B4D9-328B8170FD95}"
EndProject
Project("{FAE04EC0-301F-11D3-BF4B-00C04F79EFBC}") = "Glimpse.UI", "src\Glimpse.UI\Glimpse.UI.csproj", "{3939A68C-16A3-4782-A36C-D650E744B0E7}"
EndProject
Project("{FAE04EC0-301F-11D3-BF4B-00C04F79EFBC}") = "Glimpse.Configuration", "src\Glimpse.Configuration\Glimpse.Configuration.csproj", "{E3DEBC23-E8F4-4533-A41D-D85A2BE553E9}"
EndProject
Project("{FAE04EC0-301F-11D3-BF4B-00C04F79EFBC}") = "Glimpse.Notifications", "src\Glimpse.Notifications\Glimpse.Notifications.csproj", "{9C22FBEF-CD78-406D-86A3-6BAC05DCCBAF}"
EndProject
Project("{FAE04EC0-301F-11D3-BF4B-00C04F79EFBC}") = "Glimpse.Taskbar", "src\Glimpse.Taskbar\Glimpse.Taskbar.csproj", "{FB909420-9D74-4431-9311-5CB879B8DC9B}"
EndProject
Project("{FAE04EC0-301F-11D3-BF4B-00C04F79EFBC}") = "Glimpse.SystemTray", "src\Glimpse.SystemTray\Glimpse.SystemTray.csproj", "{A7747356-AF3E-4B93-A6EE-11F9D3FA46A8}"
EndProject
Project("{FAE04EC0-301F-11D3-BF4B-00C04F79EFBC}") = "Glimpse.StartMenu", "src\Glimpse.StartMenu\Glimpse.StartMenu.csproj", "{BE232019-C1DF-49BE-B0ED-1348C4854C7D}"
EndProject
Global
	GlobalSection(SolutionConfigurationPlatforms) = preSolution
		Debug|Any CPU = Debug|Any CPU
		Release|Any CPU = Release|Any CPU
	EndGlobalSection
	GlobalSection(ProjectConfigurationPlatforms) = postSolution
		{C97FA814-5D76-4358-9ED4-B44D1EA7F3C4}.Debug|Any CPU.ActiveCfg = Debug|Any CPU
		{C97FA814-5D76-4358-9ED4-B44D1EA7F3C4}.Debug|Any CPU.Build.0 = Debug|Any CPU
		{C97FA814-5D76-4358-9ED4-B44D1EA7F3C4}.Release|Any CPU.ActiveCfg = Release|Any CPU
		{C97FA814-5D76-4358-9ED4-B44D1EA7F3C4}.Release|Any CPU.Build.0 = Release|Any CPU
		{4328EFD8-095C-4E80-88C8-E6113F64389F}.Debug|Any CPU.ActiveCfg = Debug|Any CPU
		{4328EFD8-095C-4E80-88C8-E6113F64389F}.Debug|Any CPU.Build.0 = Debug|Any CPU
		{4328EFD8-095C-4E80-88C8-E6113F64389F}.Release|Any CPU.ActiveCfg = Release|Any CPU
		{4328EFD8-095C-4E80-88C8-E6113F64389F}.Release|Any CPU.Build.0 = Release|Any CPU
		{F523A8B1-0E5C-457B-A11E-C14844A7721A}.Debug|Any CPU.ActiveCfg = Debug|Any CPU
		{F523A8B1-0E5C-457B-A11E-C14844A7721A}.Debug|Any CPU.Build.0 = Debug|Any CPU
		{F523A8B1-0E5C-457B-A11E-C14844A7721A}.Release|Any CPU.ActiveCfg = Release|Any CPU
		{F523A8B1-0E5C-457B-A11E-C14844A7721A}.Release|Any CPU.Build.0 = Release|Any CPU
		{FAF6861C-CE9A-445A-A428-4256DA8B79FD}.Debug|Any CPU.ActiveCfg = Debug|Any CPU
		{FAF6861C-CE9A-445A-A428-4256DA8B79FD}.Debug|Any CPU.Build.0 = Debug|Any CPU
		{FAF6861C-CE9A-445A-A428-4256DA8B79FD}.Release|Any CPU.ActiveCfg = Release|Any CPU
		{FAF6861C-CE9A-445A-A428-4256DA8B79FD}.Release|Any CPU.Build.0 = Release|Any CPU
		{2CC82572-8D5A-43A7-B4D9-328B8170FD95}.Debug|Any CPU.ActiveCfg = Debug|Any CPU
		{2CC82572-8D5A-43A7-B4D9-328B8170FD95}.Debug|Any CPU.Build.0 = Debug|Any CPU
		{2CC82572-8D5A-43A7-B4D9-328B8170FD95}.Release|Any CPU.ActiveCfg = Release|Any CPU
		{2CC82572-8D5A-43A7-B4D9-328B8170FD95}.Release|Any CPU.Build.0 = Release|Any CPU
		{3939A68C-16A3-4782-A36C-D650E744B0E7}.Debug|Any CPU.ActiveCfg = Debug|Any CPU
		{3939A68C-16A3-4782-A36C-D650E744B0E7}.Debug|Any CPU.Build.0 = Debug|Any CPU
		{3939A68C-16A3-4782-A36C-D650E744B0E7}.Release|Any CPU.ActiveCfg = Release|Any CPU
		{3939A68C-16A3-4782-A36C-D650E744B0E7}.Release|Any CPU.Build.0 = Release|Any CPU
		{E3DEBC23-E8F4-4533-A41D-D85A2BE553E9}.Debug|Any CPU.ActiveCfg = Debug|Any CPU
		{E3DEBC23-E8F4-4533-A41D-D85A2BE553E9}.Debug|Any CPU.Build.0 = Debug|Any CPU
		{E3DEBC23-E8F4-4533-A41D-D85A2BE553E9}.Release|Any CPU.ActiveCfg = Release|Any CPU
		{E3DEBC23-E8F4-4533-A41D-D85A2BE553E9}.Release|Any CPU.Build.0 = Release|Any CPU
		{9C22FBEF-CD78-406D-86A3-6BAC05DCCBAF}.Debug|Any CPU.ActiveCfg = Debug|Any CPU
		{9C22FBEF-CD78-406D-86A3-6BAC05DCCBAF}.Debug|Any CPU.Build.0 = Debug|Any CPU
		{9C22FBEF-CD78-406D-86A3-6BAC05DCCBAF}.Release|Any CPU.ActiveCfg = Release|Any CPU
		{9C22FBEF-CD78-406D-86A3-6BAC05DCCBAF}.Release|Any CPU.Build.0 = Release|Any CPU
		{FB909420-9D74-4431-9311-5CB879B8DC9B}.Debug|Any CPU.ActiveCfg = Debug|Any CPU
		{FB909420-9D74-4431-9311-5CB879B8DC9B}.Debug|Any CPU.Build.0 = Debug|Any CPU
		{FB909420-9D74-4431-9311-5CB879B8DC9B}.Release|Any CPU.ActiveCfg = Release|Any CPU
		{FB909420-9D74-4431-9311-5CB879B8DC9B}.Release|Any CPU.Build.0 = Release|Any CPU
		{A7747356-AF3E-4B93-A6EE-11F9D3FA46A8}.Debug|Any CPU.ActiveCfg = Debug|Any CPU
		{A7747356-AF3E-4B93-A6EE-11F9D3FA46A8}.Debug|Any CPU.Build.0 = Debug|Any CPU
		{A7747356-AF3E-4B93-A6EE-11F9D3FA46A8}.Release|Any CPU.ActiveCfg = Release|Any CPU
		{A7747356-AF3E-4B93-A6EE-11F9D3FA46A8}.Release|Any CPU.Build.0 = Release|Any CPU
		{BE232019-C1DF-49BE-B0ED-1348C4854C7D}.Debug|Any CPU.ActiveCfg = Debug|Any CPU
		{BE232019-C1DF-49BE-B0ED-1348C4854C7D}.Debug|Any CPU.Build.0 = Debug|Any CPU
		{BE232019-C1DF-49BE-B0ED-1348C4854C7D}.Release|Any CPU.ActiveCfg = Release|Any CPU
		{BE232019-C1DF-49BE-B0ED-1348C4854C7D}.Release|Any CPU.Build.0 = Release|Any CPU
	EndGlobalSection
EndGlobal
