
Microsoft Visual Studio Solution File, Format Version 12.00
Project("{FAE04EC0-301F-11D3-BF4B-00C04F79EFBC}") = "Glimpse", "src\Glimpse\Glimpse.csproj", "{C97FA814-5D76-4358-9ED4-B44D1EA7F3C4}"
EndProject
Project("{FAE04EC0-301F-11D3-BF4B-00C04F79EFBC}") = "Glimpse.Redux", "src\Glimpse.Redux\Glimpse.Redux.csproj", "{4328EFD8-095C-4E80-88C8-E6113F64389F}"
EndProject
Project("{FAE04EC0-301F-11D3-BF4B-00C04F79EFBC}") = "Glimpse.Interop", "src\Glimpse.Interop\Glimpse.Interop.csproj", "{EF5FB95A-9374-4F15-91E0-E4D34AAC1A27}"
EndProject
Project("{FAE04EC0-301F-11D3-BF4B-00C04F79EFBC}") = "Glimpse.Freedesktop", "src\Glimpse.Freedesktop\Glimpse.Freedesktop.csproj", "{F523A8B1-0E5C-457B-A11E-C14844A7721A}"
EndProject
Project("{FAE04EC0-301F-11D3-BF4B-00C04F79EFBC}") = "Glimpse.Lib", "src\Glimpse.Lib\Glimpse.Lib.csproj", "{FAF6861C-CE9A-445A-A428-4256DA8B79FD}"
EndProject
Project("{FAE04EC0-301F-11D3-BF4B-00C04F79EFBC}") = "Glimpse.Xorg", "src\Glimpse.Xorg\Glimpse.Xorg.csproj", "{2CC82572-8D5A-43A7-B4D9-328B8170FD95}"
EndProject
Project("{FAE04EC0-301F-11D3-BF4B-00C04F79EFBC}") = "Glimpse.Images", "src\Glimpse.Images\Glimpse.Images.csproj", "{855630B2-8461-4D5C-8B56-14362941DF0A}"
EndProject
Project("{FAE04EC0-301F-11D3-BF4B-00C04F79EFBC}") = "Glimpse.UI", "src\Glimpse.UI\Glimpse.UI.csproj", "{3939A68C-16A3-4782-A36C-D650E744B0E7}"
EndProject
Project("{FAE04EC0-301F-11D3-BF4B-00C04F79EFBC}") = "Glimpse.Configuration", "src\Glimpse.Configuration\Glimpse.Configuration.csproj", "{E3DEBC23-E8F4-4533-A41D-D85A2BE553E9}"
EndProject
Project("{FAE04EC0-301F-11D3-BF4B-00C04F79EFBC}") = "Glimpse.Lib.Gtk", "src\Glimpse.Lib.Gtk\Glimpse.Lib.Gtk.csproj", "{4C5194F8-6BBB-4704-8FA1-8A29E02E2770}"
EndProject
Global
	GlobalSection(SolutionConfigurationPlatforms) = preSolution
		Debug|Any CPU = Debug|Any CPU
		Release|Any CPU = Release|Any CPU
	EndGlobalSection
	GlobalSection(ProjectConfigurationPlatforms) = postSolution
		{C97FA814-5D76-4358-9ED4-B44D1EA7F3C4}.Debug|Any CPU.ActiveCfg = Debug|Any CPU
		{C97FA814-5D76-4358-9ED4-B44D1EA7F3C4}.Debug|Any CPU.Build.0 = Debug|Any CPU
		{C97FA814-5D76-4358-9ED4-B44D1EA7F3C4}.Release|Any CPU.ActiveCfg = Release|Any CPU
		{C97FA814-5D76-4358-9ED4-B44D1EA7F3C4}.Release|Any CPU.Build.0 = Release|Any CPU
		{4328EFD8-095C-4E80-88C8-E6113F64389F}.Debug|Any CPU.ActiveCfg = Debug|Any CPU
		{4328EFD8-095C-4E80-88C8-E6113F64389F}.Debug|Any CPU.Build.0 = Debug|Any CPU
		{4328EFD8-095C-4E80-88C8-E6113F64389F}.Release|Any CPU.ActiveCfg = Release|Any CPU
		{4328EFD8-095C-4E80-88C8-E6113F64389F}.Release|Any CPU.Build.0 = Release|Any CPU
		{EF5FB95A-9374-4F15-91E0-E4D34AAC1A27}.Debug|Any CPU.ActiveCfg = Debug|Any CPU
		{EF5FB95A-9374-4F15-91E0-E4D34AAC1A27}.Debug|Any CPU.Build.0 = Debug|Any CPU
		{EF5FB95A-9374-4F15-91E0-E4D34AAC1A27}.Release|Any CPU.ActiveCfg = Release|Any CPU
		{EF5FB95A-9374-4F15-91E0-E4D34AAC1A27}.Release|Any CPU.Build.0 = Release|Any CPU
		{F523A8B1-0E5C-457B-A11E-C14844A7721A}.Debug|Any CPU.ActiveCfg = Debug|Any CPU
		{F523A8B1-0E5C-457B-A11E-C14844A7721A}.Debug|Any CPU.Build.0 = Debug|Any CPU
		{F523A8B1-0E5C-457B-A11E-C14844A7721A}.Release|Any CPU.ActiveCfg = Release|Any CPU
		{F523A8B1-0E5C-457B-A11E-C14844A7721A}.Release|Any CPU.Build.0 = Release|Any CPU
		{FAF6861C-CE9A-445A-A428-4256DA8B79FD}.Debug|Any CPU.ActiveCfg = Debug|Any CPU
		{FAF6861C-CE9A-445A-A428-4256DA8B79FD}.Debug|Any CPU.Build.0 = Debug|Any CPU
		{FAF6861C-CE9A-445A-A428-4256DA8B79FD}.Release|Any CPU.ActiveCfg = Release|Any CPU
		{FAF6861C-CE9A-445A-A428-4256DA8B79FD}.Release|Any CPU.Build.0 = Release|Any CPU
		{2CC82572-8D5A-43A7-B4D9-328B8170FD95}.Debug|Any CPU.ActiveCfg = Debug|Any CPU
		{2CC82572-8D5A-43A7-B4D9-328B8170FD95}.Debug|Any CPU.Build.0 = Debug|Any CPU
		{2CC82572-8D5A-43A7-B4D9-328B8170FD95}.Release|Any CPU.ActiveCfg = Release|Any CPU
		{2CC82572-8D5A-43A7-B4D9-328B8170FD95}.Release|Any CPU.Build.0 = Release|Any CPU
		{855630B2-8461-4D5C-8B56-14362941DF0A}.Debug|Any CPU.ActiveCfg = Debug|Any CPU
		{855630B2-8461-4D5C-8B56-14362941DF0A}.Debug|Any CPU.Build.0 = Debug|Any CPU
		{855630B2-8461-4D5C-8B56-14362941DF0A}.Release|Any CPU.ActiveCfg = Release|Any CPU
		{855630B2-8461-4D5C-8B56-14362941DF0A}.Release|Any CPU.Build.0 = Release|Any CPU
		{3939A68C-16A3-4782-A36C-D650E744B0E7}.Debug|Any CPU.ActiveCfg = Debug|Any CPU
		{3939A68C-16A3-4782-A36C-D650E744B0E7}.Debug|Any CPU.Build.0 = Debug|Any CPU
		{3939A68C-16A3-4782-A36C-D650E744B0E7}.Release|Any CPU.ActiveCfg = Release|Any CPU
		{3939A68C-16A3-4782-A36C-D650E744B0E7}.Release|Any CPU.Build.0 = Release|Any CPU
		{E3DEBC23-E8F4-4533-A41D-D85A2BE553E9}.Debug|Any CPU.ActiveCfg = Debug|Any CPU
		{E3DEBC23-E8F4-4533-A41D-D85A2BE553E9}.Debug|Any CPU.Build.0 = Debug|Any CPU
		{E3DEBC23-E8F4-4533-A41D-D85A2BE553E9}.Release|Any CPU.ActiveCfg = Release|Any CPU
		{E3DEBC23-E8F4-4533-A41D-D85A2BE553E9}.Release|Any CPU.Build.0 = Release|Any CPU
		{4C5194F8-6BBB-4704-8FA1-8A29E02E2770}.Debug|Any CPU.ActiveCfg = Debug|Any CPU
		{4C5194F8-6BBB-4704-8FA1-8A29E02E2770}.Debug|Any CPU.Build.0 = Debug|Any CPU
		{4C5194F8-6BBB-4704-8FA1-8A29E02E2770}.Release|Any CPU.ActiveCfg = Release|Any CPU
		{4C5194F8-6BBB-4704-8FA1-8A29E02E2770}.Release|Any CPU.Build.0 = Release|Any CPU
	EndGlobalSection
EndGlobal
